
Microsoft Visual Studio Solution File, Format Version 12.00
# Visual Studio Version 16
VisualStudioVersion = 16.0.29924.181
MinimumVisualStudioVersion = 10.0.40219.1
Project("{FAE04EC0-301F-11D3-BF4B-00C04F79EFBC}") = "demo.opencart", "demo.opencart\demo.opencart.csproj", "{FAA62DA8-D850-4D7A-9495-B272B7CA431D}"
EndProject
Global
	GlobalSection(SolutionConfigurationPlatforms) = preSolution
		Debug|Any CPU = Debug|Any CPU
		Release|Any CPU = Release|Any CPU
	EndGlobalSection
	GlobalSection(ProjectConfigurationPlatforms) = postSolution
		{FAA62DA8-D850-4D7A-9495-B272B7CA431D}.Debug|Any CPU.ActiveCfg = Debug|Any CPU
		{FAA62DA8-D850-4D7A-9495-B272B7CA431D}.Debug|Any CPU.Build.0 = Debug|Any CPU
		{FAA62DA8-D850-4D7A-9495-B272B7CA431D}.Release|Any CPU.ActiveCfg = Release|Any CPU
		{FAA62DA8-D850-4D7A-9495-B272B7CA431D}.Release|Any CPU.Build.0 = Release|Any CPU
	EndGlobalSection
	GlobalSection(SolutionProperties) = preSolution
		HideSolutionNode = FALSE
	EndGlobalSection
	GlobalSection(ExtensibilityGlobals) = postSolution
		SolutionGuid = {409A95BD-F628-4622-9544-63CD65D0A9AA}
	EndGlobalSection
EndGlobal
